// !$*UTF8*$!
{
	archiveVersion = 1;
	classes = {
	};
	objectVersion = 50;
	objects = {

/* Begin PBXBuildFile section */
		078420BF265F78E700986354 /* AppDelegate.swift in Sources */ = {isa = PBXBuildFile; fileRef = 078420BE265F78E700986354 /* AppDelegate.swift */; };
		078420C1265F78E700986354 /* SceneDelegate.swift in Sources */ = {isa = PBXBuildFile; fileRef = 078420C0265F78E700986354 /* SceneDelegate.swift */; };
		078420C8265F78E800986354 /* Assets.xcassets in Resources */ = {isa = PBXBuildFile; fileRef = 078420C7265F78E800986354 /* Assets.xcassets */; };
		078420CB265F78E800986354 /* LaunchScreen.storyboard in Resources */ = {isa = PBXBuildFile; fileRef = 078420C9265F78E800986354 /* LaunchScreen.storyboard */; };
		078420D8265F7A5700986354 /* AppCoordinator.swift in Sources */ = {isa = PBXBuildFile; fileRef = 078420D7265F7A5700986354 /* AppCoordinator.swift */; };
		0784211026662D0200986354 /* GoogleService-Info.plist in Resources */ = {isa = PBXBuildFile; fileRef = 0784210F26662D0200986354 /* GoogleService-Info.plist */; };
		078421212666336E00986354 /* LoginViewController.swift in Sources */ = {isa = PBXBuildFile; fileRef = 078421202666336E00986354 /* LoginViewController.swift */; };
		07842124266633A800986354 /* LoginViewControllerProtocol.swift in Sources */ = {isa = PBXBuildFile; fileRef = 07842123266633A800986354 /* LoginViewControllerProtocol.swift */; };
		07842127266633C500986354 /* LoginViewControllerPresenter.swift in Sources */ = {isa = PBXBuildFile; fileRef = 07842126266633C500986354 /* LoginViewControllerPresenter.swift */; };
		0784212A266633DF00986354 /* LoginViewControllerPresenterProtocol.swift in Sources */ = {isa = PBXBuildFile; fileRef = 07842129266633DF00986354 /* LoginViewControllerPresenterProtocol.swift */; };
		0784212D2666340100986354 /* LoginInteractor.swift in Sources */ = {isa = PBXBuildFile; fileRef = 0784212C2666340100986354 /* LoginInteractor.swift */; };
		078421302666341300986354 /* LoginInteractorProtocol.swift in Sources */ = {isa = PBXBuildFile; fileRef = 0784212F2666341300986354 /* LoginInteractorProtocol.swift */; };
		078421332666342C00986354 /* LoginDataManager.swift in Sources */ = {isa = PBXBuildFile; fileRef = 078421322666342C00986354 /* LoginDataManager.swift */; };
		078421362666343E00986354 /* LoginDataManagerProtocol.swift in Sources */ = {isa = PBXBuildFile; fileRef = 078421352666343E00986354 /* LoginDataManagerProtocol.swift */; };
		0784213A2666346400986354 /* CoordinatorProtocol.swift in Sources */ = {isa = PBXBuildFile; fileRef = 078421392666346400986354 /* CoordinatorProtocol.swift */; };
		0784213E2666347B00986354 /* BuilderProtocol.swift in Sources */ = {isa = PBXBuildFile; fileRef = 0784213D2666347B00986354 /* BuilderProtocol.swift */; };
		07842141266636D300986354 /* LoginBuilder.swift in Sources */ = {isa = PBXBuildFile; fileRef = 07842140266636D300986354 /* LoginBuilder.swift */; };
		07842146266639C000986354 /* MessageAppThemeColors.swift in Sources */ = {isa = PBXBuildFile; fileRef = 07842145266639C000986354 /* MessageAppThemeColors.swift */; };
		078421662668E2AA00986354 /* LoginEmailValidationView.swift in Sources */ = {isa = PBXBuildFile; fileRef = 078421652668E2AA00986354 /* LoginEmailValidationView.swift */; };
		0784216A2668E3D300986354 /* LoginEmailValidatonCollectionViewCell.swift in Sources */ = {isa = PBXBuildFile; fileRef = 078421692668E3D300986354 /* LoginEmailValidatonCollectionViewCell.swift */; };
		07842177266A201A00986354 /* LoginPhoneNumberValidationView.swift in Sources */ = {isa = PBXBuildFile; fileRef = 07842176266A201A00986354 /* LoginPhoneNumberValidationView.swift */; };
		0784217C266A20EE00986354 /* LoginPhoneNumberValidationCellCollectionViewCell.swift in Sources */ = {isa = PBXBuildFile; fileRef = 0784217B266A20EE00986354 /* LoginPhoneNumberValidationCellCollectionViewCell.swift */; };
		0784218C266FB9E900986354 /* ErrorDialog.swift in Sources */ = {isa = PBXBuildFile; fileRef = 0784218B266FB9E900986354 /* ErrorDialog.swift */; };
		744895D787BC429FD05AC826 /* libPods-MessageApp.a in Frameworks */ = {isa = PBXBuildFile; fileRef = D9F141C2DDA080D2F967C220 /* libPods-MessageApp.a */; };
/* End PBXBuildFile section */

/* Begin PBXFileReference section */
		078420BB265F78E700986354 /* MessageApp.app */ = {isa = PBXFileReference; explicitFileType = wrapper.application; includeInIndex = 0; path = MessageApp.app; sourceTree = BUILT_PRODUCTS_DIR; };
		078420BE265F78E700986354 /* AppDelegate.swift */ = {isa = PBXFileReference; lastKnownFileType = sourcecode.swift; path = AppDelegate.swift; sourceTree = "<group>"; };
		078420C0265F78E700986354 /* SceneDelegate.swift */ = {isa = PBXFileReference; lastKnownFileType = sourcecode.swift; path = SceneDelegate.swift; sourceTree = "<group>"; };
		078420C7265F78E800986354 /* Assets.xcassets */ = {isa = PBXFileReference; lastKnownFileType = folder.assetcatalog; path = Assets.xcassets; sourceTree = "<group>"; };
		078420CA265F78E800986354 /* Base */ = {isa = PBXFileReference; lastKnownFileType = file.storyboard; name = Base; path = Base.lproj/LaunchScreen.storyboard; sourceTree = "<group>"; };
		078420CC265F78E800986354 /* Info.plist */ = {isa = PBXFileReference; lastKnownFileType = text.plist.xml; path = Info.plist; sourceTree = "<group>"; };
		078420D7265F7A5700986354 /* AppCoordinator.swift */ = {isa = PBXFileReference; lastKnownFileType = sourcecode.swift; path = AppCoordinator.swift; sourceTree = "<group>"; };
		0784210F26662D0200986354 /* GoogleService-Info.plist */ = {isa = PBXFileReference; fileEncoding = 4; lastKnownFileType = text.plist.xml; path = "GoogleService-Info.plist"; sourceTree = "<group>"; };
		078421202666336E00986354 /* LoginViewController.swift */ = {isa = PBXFileReference; lastKnownFileType = sourcecode.swift; path = LoginViewController.swift; sourceTree = "<group>"; };
		07842123266633A800986354 /* LoginViewControllerProtocol.swift */ = {isa = PBXFileReference; lastKnownFileType = sourcecode.swift; path = LoginViewControllerProtocol.swift; sourceTree = "<group>"; };
		07842126266633C500986354 /* LoginViewControllerPresenter.swift */ = {isa = PBXFileReference; lastKnownFileType = sourcecode.swift; path = LoginViewControllerPresenter.swift; sourceTree = "<group>"; };
		07842129266633DF00986354 /* LoginViewControllerPresenterProtocol.swift */ = {isa = PBXFileReference; lastKnownFileType = sourcecode.swift; path = LoginViewControllerPresenterProtocol.swift; sourceTree = "<group>"; };
		0784212C2666340100986354 /* LoginInteractor.swift */ = {isa = PBXFileReference; lastKnownFileType = sourcecode.swift; path = LoginInteractor.swift; sourceTree = "<group>"; };
		0784212F2666341300986354 /* LoginInteractorProtocol.swift */ = {isa = PBXFileReference; lastKnownFileType = sourcecode.swift; path = LoginInteractorProtocol.swift; sourceTree = "<group>"; };
		078421322666342C00986354 /* LoginDataManager.swift */ = {isa = PBXFileReference; lastKnownFileType = sourcecode.swift; path = LoginDataManager.swift; sourceTree = "<group>"; };
		078421352666343E00986354 /* LoginDataManagerProtocol.swift */ = {isa = PBXFileReference; lastKnownFileType = sourcecode.swift; path = LoginDataManagerProtocol.swift; sourceTree = "<group>"; };
		078421392666346400986354 /* CoordinatorProtocol.swift */ = {isa = PBXFileReference; lastKnownFileType = sourcecode.swift; path = CoordinatorProtocol.swift; sourceTree = "<group>"; };
		0784213D2666347B00986354 /* BuilderProtocol.swift */ = {isa = PBXFileReference; lastKnownFileType = sourcecode.swift; path = BuilderProtocol.swift; sourceTree = "<group>"; };
		07842140266636D300986354 /* LoginBuilder.swift */ = {isa = PBXFileReference; lastKnownFileType = sourcecode.swift; path = LoginBuilder.swift; sourceTree = "<group>"; };
		07842145266639C000986354 /* MessageAppThemeColors.swift */ = {isa = PBXFileReference; lastKnownFileType = sourcecode.swift; path = MessageAppThemeColors.swift; sourceTree = "<group>"; };
		078421652668E2AA00986354 /* LoginEmailValidationView.swift */ = {isa = PBXFileReference; lastKnownFileType = sourcecode.swift; path = LoginEmailValidationView.swift; sourceTree = "<group>"; };
		078421692668E3D300986354 /* LoginEmailValidatonCollectionViewCell.swift */ = {isa = PBXFileReference; lastKnownFileType = sourcecode.swift; path = LoginEmailValidatonCollectionViewCell.swift; sourceTree = "<group>"; };
		07842176266A201A00986354 /* LoginPhoneNumberValidationView.swift */ = {isa = PBXFileReference; lastKnownFileType = sourcecode.swift; path = LoginPhoneNumberValidationView.swift; sourceTree = "<group>"; };
		0784217B266A20EE00986354 /* LoginPhoneNumberValidationCellCollectionViewCell.swift */ = {isa = PBXFileReference; lastKnownFileType = sourcecode.swift; path = LoginPhoneNumberValidationCellCollectionViewCell.swift; sourceTree = "<group>"; };
		0784218B266FB9E900986354 /* ErrorDialog.swift */ = {isa = PBXFileReference; lastKnownFileType = sourcecode.swift; path = ErrorDialog.swift; sourceTree = "<group>"; };
		2EBCDADFF82CB6B6195BA94D /* Pods-MessageApp.release.xcconfig */ = {isa = PBXFileReference; includeInIndex = 1; lastKnownFileType = text.xcconfig; name = "Pods-MessageApp.release.xcconfig"; path = "Target Support Files/Pods-MessageApp/Pods-MessageApp.release.xcconfig"; sourceTree = "<group>"; };
		D9F141C2DDA080D2F967C220 /* libPods-MessageApp.a */ = {isa = PBXFileReference; explicitFileType = archive.ar; includeInIndex = 0; path = "libPods-MessageApp.a"; sourceTree = BUILT_PRODUCTS_DIR; };
		DDF3B45EBA0F74893FB31C7A /* Pods-MessageApp.debug.xcconfig */ = {isa = PBXFileReference; includeInIndex = 1; lastKnownFileType = text.xcconfig; name = "Pods-MessageApp.debug.xcconfig"; path = "Target Support Files/Pods-MessageApp/Pods-MessageApp.debug.xcconfig"; sourceTree = "<group>"; };
/* End PBXFileReference section */

/* Begin PBXFrameworksBuildPhase section */
		078420B8265F78E700986354 /* Frameworks */ = {
			isa = PBXFrameworksBuildPhase;
			buildActionMask = 2147483647;
			files = (
				744895D787BC429FD05AC826 /* libPods-MessageApp.a in Frameworks */,
			);
			runOnlyForDeploymentPostprocessing = 0;
		};
/* End PBXFrameworksBuildPhase section */

/* Begin PBXGroup section */
		078420B2265F78E700986354 = {
			isa = PBXGroup;
			children = (
				078421602668E25C00986354 /* Components */,
				078420BD265F78E700986354 /* MessageApp */,
				078420BC265F78E700986354 /* Products */,
				5ABF56521DE99CEEF35FB6D7 /* Pods */,
				51030FFEBF07750761EAC29D /* Frameworks */,
			);
			sourceTree = "<group>";
		};
		078420BC265F78E700986354 /* Products */ = {
			isa = PBXGroup;
			children = (
				078420BB265F78E700986354 /* MessageApp.app */,
			);
			name = Products;
			sourceTree = "<group>";
		};
		078420BD265F78E700986354 /* MessageApp */ = {
			isa = PBXGroup;
			children = (
				078421432666399B00986354 /* Theme */,
				078421382666345200986354 /* Common */,
				0784210F26662D0200986354 /* GoogleService-Info.plist */,
				0784210726662C3100986354 /* Modules */,
				078420D5265F7A3500986354 /* Coordinators */,
				078420BE265F78E700986354 /* AppDelegate.swift */,
				078420C0265F78E700986354 /* SceneDelegate.swift */,
				078420C7265F78E800986354 /* Assets.xcassets */,
				078420C9265F78E800986354 /* LaunchScreen.storyboard */,
				078420CC265F78E800986354 /* Info.plist */,
			);
			path = MessageApp;
			sourceTree = "<group>";
		};
		078420D5265F7A3500986354 /* Coordinators */ = {
			isa = PBXGroup;
			children = (
				078420D6265F7A4600986354 /* AppCoordinator */,
			);
			path = Coordinators;
			sourceTree = "<group>";
		};
		078420D6265F7A4600986354 /* AppCoordinator */ = {
			isa = PBXGroup;
			children = (
				078420D7265F7A5700986354 /* AppCoordinator.swift */,
			);
			path = AppCoordinator;
			sourceTree = "<group>";
		};
		0784210726662C3100986354 /* Modules */ = {
			isa = PBXGroup;
			children = (
				0784210826662C3800986354 /* Login */,
			);
			path = Modules;
			sourceTree = "<group>";
		};
		0784210826662C3800986354 /* Login */ = {
			isa = PBXGroup;
			children = (
				0784210D26662C5B00986354 /* DataManager */,
				0784210C26662C5100986354 /* Interactor */,
				0784210B26662C4D00986354 /* View */,
				0784210A26662C4700986354 /* Presenter */,
				0784210926662C3F00986354 /* Builder */,
			);
			path = Login;
			sourceTree = "<group>";
		};
		0784210926662C3F00986354 /* Builder */ = {
			isa = PBXGroup;
			children = (
				07842140266636D300986354 /* LoginBuilder.swift */,
			);
			path = Builder;
			sourceTree = "<group>";
		};
		0784210A26662C4700986354 /* Presenter */ = {
			isa = PBXGroup;
			children = (
				07842126266633C500986354 /* LoginViewControllerPresenter.swift */,
				07842129266633DF00986354 /* LoginViewControllerPresenterProtocol.swift */,
			);
			path = Presenter;
			sourceTree = "<group>";
		};
		0784210B26662C4D00986354 /* View */ = {
			isa = PBXGroup;
			children = (
				078421202666336E00986354 /* LoginViewController.swift */,
				07842123266633A800986354 /* LoginViewControllerProtocol.swift */,
			);
			path = View;
			sourceTree = "<group>";
		};
		0784210C26662C5100986354 /* Interactor */ = {
			isa = PBXGroup;
			children = (
				0784212C2666340100986354 /* LoginInteractor.swift */,
				0784212F2666341300986354 /* LoginInteractorProtocol.swift */,
			);
			path = Interactor;
			sourceTree = "<group>";
		};
		0784210D26662C5B00986354 /* DataManager */ = {
			isa = PBXGroup;
			children = (
				078421322666342C00986354 /* LoginDataManager.swift */,
				078421352666343E00986354 /* LoginDataManagerProtocol.swift */,
			);
			path = DataManager;
			sourceTree = "<group>";
		};
		078421382666345200986354 /* Common */ = {
			isa = PBXGroup;
			children = (
				078421392666346400986354 /* CoordinatorProtocol.swift */,
				0784213D2666347B00986354 /* BuilderProtocol.swift */,
				0784218B266FB9E900986354 /* ErrorDialog.swift */,
			);
			path = Common;
			sourceTree = "<group>";
		};
		078421432666399B00986354 /* Theme */ = {
			isa = PBXGroup;
			children = (
				07842144266639A200986354 /* Colors */,
			);
			path = Theme;
			sourceTree = "<group>";
		};
		07842144266639A200986354 /* Colors */ = {
			isa = PBXGroup;
			children = (
				07842145266639C000986354 /* MessageAppThemeColors.swift */,
			);
			path = Colors;
			sourceTree = "<group>";
		};
		078421602668E25C00986354 /* Components */ = {
			isa = PBXGroup;
			children = (
				078421632668E27800986354 /* Views */,
				078421612668E26200986354 /* Cells */,
			);
			path = Components;
			sourceTree = "<group>";
		};
		078421612668E26200986354 /* Cells */ = {
			isa = PBXGroup;
			children = (
				078421622668E26700986354 /* LoginCell */,
			);
			path = Cells;
			sourceTree = "<group>";
		};
		078421622668E26700986354 /* LoginCell */ = {
			isa = PBXGroup;
			children = (
				078421692668E3D300986354 /* LoginEmailValidatonCollectionViewCell.swift */,
				0784217B266A20EE00986354 /* LoginPhoneNumberValidationCellCollectionViewCell.swift */,
			);
			path = LoginCell;
			sourceTree = "<group>";
		};
		078421632668E27800986354 /* Views */ = {
			isa = PBXGroup;
			children = (
				07842175266A1FF000986354 /* LoginPhoneNumberValidationView */,
				078421642668E27D00986354 /* LoginView */,
			);
			path = Views;
			sourceTree = "<group>";
		};
		078421642668E27D00986354 /* LoginView */ = {
			isa = PBXGroup;
			children = (
				078421652668E2AA00986354 /* LoginEmailValidationView.swift */,
			);
			path = LoginView;
			sourceTree = "<group>";
		};
		07842175266A1FF000986354 /* LoginPhoneNumberValidationView */ = {
			isa = PBXGroup;
			children = (
				07842176266A201A00986354 /* LoginPhoneNumberValidationView.swift */,
			);
			path = LoginPhoneNumberValidationView;
			sourceTree = "<group>";
		};
		51030FFEBF07750761EAC29D /* Frameworks */ = {
			isa = PBXGroup;
			children = (
				D9F141C2DDA080D2F967C220 /* libPods-MessageApp.a */,
			);
			name = Frameworks;
			sourceTree = "<group>";
		};
		5ABF56521DE99CEEF35FB6D7 /* Pods */ = {
			isa = PBXGroup;
			children = (
				DDF3B45EBA0F74893FB31C7A /* Pods-MessageApp.debug.xcconfig */,
				2EBCDADFF82CB6B6195BA94D /* Pods-MessageApp.release.xcconfig */,
			);
			path = Pods;
			sourceTree = "<group>";
		};
/* End PBXGroup section */

/* Begin PBXNativeTarget section */
		078420BA265F78E700986354 /* MessageApp */ = {
			isa = PBXNativeTarget;
			buildConfigurationList = 078420CF265F78E800986354 /* Build configuration list for PBXNativeTarget "MessageApp" */;
			buildPhases = (
				0EB99D6F02E6A0E24F2BBF8C /* [CP] Check Pods Manifest.lock */,
				078420B7265F78E700986354 /* Sources */,
				078420B8265F78E700986354 /* Frameworks */,
				078420B9265F78E700986354 /* Resources */,
			);
			buildRules = (
			);
			dependencies = (
			);
			name = MessageApp;
			productName = MessageApp;
			productReference = 078420BB265F78E700986354 /* MessageApp.app */;
			productType = "com.apple.product-type.application";
		};
/* End PBXNativeTarget section */

/* Begin PBXProject section */
		078420B3265F78E700986354 /* Project object */ = {
			isa = PBXProject;
			attributes = {
				LastSwiftUpdateCheck = 1230;
				LastUpgradeCheck = 1230;
				TargetAttributes = {
					078420BA265F78E700986354 = {
						CreatedOnToolsVersion = 12.3;
					};
				};
			};
			buildConfigurationList = 078420B6265F78E700986354 /* Build configuration list for PBXProject "MessageApp" */;
			compatibilityVersion = "Xcode 9.3";
			developmentRegion = en;
			hasScannedForEncodings = 0;
			knownRegions = (
				en,
				Base,
			);
			mainGroup = 078420B2265F78E700986354;
			productRefGroup = 078420BC265F78E700986354 /* Products */;
			projectDirPath = "";
			projectRoot = "";
			targets = (
				078420BA265F78E700986354 /* MessageApp */,
			);
		};
/* End PBXProject section */

/* Begin PBXResourcesBuildPhase section */
		078420B9265F78E700986354 /* Resources */ = {
			isa = PBXResourcesBuildPhase;
			buildActionMask = 2147483647;
			files = (
				078420CB265F78E800986354 /* LaunchScreen.storyboard in Resources */,
				078420C8265F78E800986354 /* Assets.xcassets in Resources */,
				0784211026662D0200986354 /* GoogleService-Info.plist in Resources */,
			);
			runOnlyForDeploymentPostprocessing = 0;
		};
/* End PBXResourcesBuildPhase section */

/* Begin PBXShellScriptBuildPhase section */
		0EB99D6F02E6A0E24F2BBF8C /* [CP] Check Pods Manifest.lock */ = {
			isa = PBXShellScriptBuildPhase;
			buildActionMask = 2147483647;
			files = (
			);
			inputFileListPaths = (
			);
			inputPaths = (
				"${PODS_PODFILE_DIR_PATH}/Podfile.lock",
				"${PODS_ROOT}/Manifest.lock",
			);
			name = "[CP] Check Pods Manifest.lock";
			outputFileListPaths = (
			);
			outputPaths = (
				"$(DERIVED_FILE_DIR)/Pods-MessageApp-checkManifestLockResult.txt",
			);
			runOnlyForDeploymentPostprocessing = 0;
			shellPath = /bin/sh;
			shellScript = "diff \"${PODS_PODFILE_DIR_PATH}/Podfile.lock\" \"${PODS_ROOT}/Manifest.lock\" > /dev/null\nif [ $? != 0 ] ; then\n    # print error to STDERR\n    echo \"error: The sandbox is not in sync with the Podfile.lock. Run 'pod install' or update your CocoaPods installation.\" >&2\n    exit 1\nfi\n# This output is used by Xcode 'outputs' to avoid re-running this script phase.\necho \"SUCCESS\" > \"${SCRIPT_OUTPUT_FILE_0}\"\n";
			showEnvVarsInLog = 0;
		};
/* End PBXShellScriptBuildPhase section */

/* Begin PBXSourcesBuildPhase section */
		078420B7265F78E700986354 /* Sources */ = {
			isa = PBXSourcesBuildPhase;
			buildActionMask = 2147483647;
			files = (
				078421332666342C00986354 /* LoginDataManager.swift in Sources */,
				0784217C266A20EE00986354 /* LoginPhoneNumberValidationCellCollectionViewCell.swift in Sources */,
				07842177266A201A00986354 /* LoginPhoneNumberValidationView.swift in Sources */,
				07842146266639C000986354 /* MessageAppThemeColors.swift in Sources */,
				078421302666341300986354 /* LoginInteractorProtocol.swift in Sources */,
				07842124266633A800986354 /* LoginViewControllerProtocol.swift in Sources */,
				078420D8265F7A5700986354 /* AppCoordinator.swift in Sources */,
				078421362666343E00986354 /* LoginDataManagerProtocol.swift in Sources */,
				07842127266633C500986354 /* LoginViewControllerPresenter.swift in Sources */,
				0784213A2666346400986354 /* CoordinatorProtocol.swift in Sources */,
				078420BF265F78E700986354 /* AppDelegate.swift in Sources */,
				078421212666336E00986354 /* LoginViewController.swift in Sources */,
				078420C1265F78E700986354 /* SceneDelegate.swift in Sources */,
				0784212A266633DF00986354 /* LoginViewControllerPresenterProtocol.swift in Sources */,
				07842141266636D300986354 /* LoginBuilder.swift in Sources */,
				0784216A2668E3D300986354 /* LoginEmailValidatonCollectionViewCell.swift in Sources */,
				0784212D2666340100986354 /* LoginInteractor.swift in Sources */,
				078421662668E2AA00986354 /* LoginEmailValidationView.swift in Sources */,
				0784218C266FB9E900986354 /* ErrorDialog.swift in Sources */,
				0784213E2666347B00986354 /* BuilderProtocol.swift in Sources */,
			);
			runOnlyForDeploymentPostprocessing = 0;
		};
/* End PBXSourcesBuildPhase section */

/* Begin PBXVariantGroup section */
		078420C9265F78E800986354 /* LaunchScreen.storyboard */ = {
			isa = PBXVariantGroup;
			children = (
				078420CA265F78E800986354 /* Base */,
			);
			name = LaunchScreen.storyboard;
			sourceTree = "<group>";
		};
/* End PBXVariantGroup section */

/* Begin XCBuildConfiguration section */
		078420CD265F78E800986354 /* Debug */ = {
			isa = XCBuildConfiguration;
			buildSettings = {
				ALWAYS_SEARCH_USER_PATHS = NO;
				CLANG_ANALYZER_NONNULL = YES;
				CLANG_ANALYZER_NUMBER_OBJECT_CONVERSION = YES_AGGRESSIVE;
				CLANG_CXX_LANGUAGE_STANDARD = "gnu++14";
				CLANG_CXX_LIBRARY = "libc++";
				CLANG_ENABLE_MODULES = YES;
				CLANG_ENABLE_OBJC_ARC = YES;
				CLANG_ENABLE_OBJC_WEAK = YES;
				CLANG_WARN_BLOCK_CAPTURE_AUTORELEASING = YES;
				CLANG_WARN_BOOL_CONVERSION = YES;
				CLANG_WARN_COMMA = YES;
				CLANG_WARN_CONSTANT_CONVERSION = YES;
				CLANG_WARN_DEPRECATED_OBJC_IMPLEMENTATIONS = YES;
				CLANG_WARN_DIRECT_OBJC_ISA_USAGE = YES_ERROR;
				CLANG_WARN_DOCUMENTATION_COMMENTS = YES;
				CLANG_WARN_EMPTY_BODY = YES;
				CLANG_WARN_ENUM_CONVERSION = YES;
				CLANG_WARN_INFINITE_RECURSION = YES;
				CLANG_WARN_INT_CONVERSION = YES;
				CLANG_WARN_NON_LITERAL_NULL_CONVERSION = YES;
				CLANG_WARN_OBJC_IMPLICIT_RETAIN_SELF = YES;
				CLANG_WARN_OBJC_LITERAL_CONVERSION = YES;
				CLANG_WARN_OBJC_ROOT_CLASS = YES_ERROR;
				CLANG_WARN_QUOTED_INCLUDE_IN_FRAMEWORK_HEADER = YES;
				CLANG_WARN_RANGE_LOOP_ANALYSIS = YES;
				CLANG_WARN_STRICT_PROTOTYPES = YES;
				CLANG_WARN_SUSPICIOUS_MOVE = YES;
				CLANG_WARN_UNGUARDED_AVAILABILITY = YES_AGGRESSIVE;
				CLANG_WARN_UNREACHABLE_CODE = YES;
				CLANG_WARN__DUPLICATE_METHOD_MATCH = YES;
				COPY_PHASE_STRIP = NO;
				DEBUG_INFORMATION_FORMAT = dwarf;
				ENABLE_STRICT_OBJC_MSGSEND = YES;
				ENABLE_TESTABILITY = YES;
				GCC_C_LANGUAGE_STANDARD = gnu11;
				GCC_DYNAMIC_NO_PIC = NO;
				GCC_NO_COMMON_BLOCKS = YES;
				GCC_OPTIMIZATION_LEVEL = 0;
				GCC_PREPROCESSOR_DEFINITIONS = (
					"DEBUG=1",
					"$(inherited)",
				);
				GCC_WARN_64_TO_32_BIT_CONVERSION = YES;
				GCC_WARN_ABOUT_RETURN_TYPE = YES_ERROR;
				GCC_WARN_UNDECLARED_SELECTOR = YES;
				GCC_WARN_UNINITIALIZED_AUTOS = YES_AGGRESSIVE;
				GCC_WARN_UNUSED_FUNCTION = YES;
				GCC_WARN_UNUSED_VARIABLE = YES;
				IPHONEOS_DEPLOYMENT_TARGET = 13.0;
				MTL_ENABLE_DEBUG_INFO = INCLUDE_SOURCE;
				MTL_FAST_MATH = YES;
				ONLY_ACTIVE_ARCH = YES;
				SDKROOT = iphoneos;
				SWIFT_ACTIVE_COMPILATION_CONDITIONS = DEBUG;
				SWIFT_OPTIMIZATION_LEVEL = "-Onone";
			};
			name = Debug;
		};
		078420CE265F78E800986354 /* Release */ = {
			isa = XCBuildConfiguration;
			buildSettings = {
				ALWAYS_SEARCH_USER_PATHS = NO;
				CLANG_ANALYZER_NONNULL = YES;
				CLANG_ANALYZER_NUMBER_OBJECT_CONVERSION = YES_AGGRESSIVE;
				CLANG_CXX_LANGUAGE_STANDARD = "gnu++14";
				CLANG_CXX_LIBRARY = "libc++";
				CLANG_ENABLE_MODULES = YES;
				CLANG_ENABLE_OBJC_ARC = YES;
				CLANG_ENABLE_OBJC_WEAK = YES;
				CLANG_WARN_BLOCK_CAPTURE_AUTORELEASING = YES;
				CLANG_WARN_BOOL_CONVERSION = YES;
				CLANG_WARN_COMMA = YES;
				CLANG_WARN_CONSTANT_CONVERSION = YES;
				CLANG_WARN_DEPRECATED_OBJC_IMPLEMENTATIONS = YES;
				CLANG_WARN_DIRECT_OBJC_ISA_USAGE = YES_ERROR;
				CLANG_WARN_DOCUMENTATION_COMMENTS = YES;
				CLANG_WARN_EMPTY_BODY = YES;
				CLANG_WARN_ENUM_CONVERSION = YES;
				CLANG_WARN_INFINITE_RECURSION = YES;
				CLANG_WARN_INT_CONVERSION = YES;
				CLANG_WARN_NON_LITERAL_NULL_CONVERSION = YES;
				CLANG_WARN_OBJC_IMPLICIT_RETAIN_SELF = YES;
				CLANG_WARN_OBJC_LITERAL_CONVERSION = YES;
				CLANG_WARN_OBJC_ROOT_CLASS = YES_ERROR;
				CLANG_WARN_QUOTED_INCLUDE_IN_FRAMEWORK_HEADER = YES;
				CLANG_WARN_RANGE_LOOP_ANALYSIS = YES;
				CLANG_WARN_STRICT_PROTOTYPES = YES;
				CLANG_WARN_SUSPICIOUS_MOVE = YES;
				CLANG_WARN_UNGUARDED_AVAILABILITY = YES_AGGRESSIVE;
				CLANG_WARN_UNREACHABLE_CODE = YES;
				CLANG_WARN__DUPLICATE_METHOD_MATCH = YES;
				COPY_PHASE_STRIP = NO;
				DEBUG_INFORMATION_FORMAT = "dwarf-with-dsym";
				ENABLE_NS_ASSERTIONS = NO;
				ENABLE_STRICT_OBJC_MSGSEND = YES;
				GCC_C_LANGUAGE_STANDARD = gnu11;
				GCC_NO_COMMON_BLOCKS = YES;
				GCC_WARN_64_TO_32_BIT_CONVERSION = YES;
				GCC_WARN_ABOUT_RETURN_TYPE = YES_ERROR;
				GCC_WARN_UNDECLARED_SELECTOR = YES;
				GCC_WARN_UNINITIALIZED_AUTOS = YES_AGGRESSIVE;
				GCC_WARN_UNUSED_FUNCTION = YES;
				GCC_WARN_UNUSED_VARIABLE = YES;
				IPHONEOS_DEPLOYMENT_TARGET = 13.0;
				MTL_ENABLE_DEBUG_INFO = NO;
				MTL_FAST_MATH = YES;
				SDKROOT = iphoneos;
				SWIFT_COMPILATION_MODE = wholemodule;
				SWIFT_OPTIMIZATION_LEVEL = "-O";
				VALIDATE_PRODUCT = YES;
			};
			name = Release;
		};
		078420D0265F78E800986354 /* Debug */ = {
			isa = XCBuildConfiguration;
			baseConfigurationReference = DDF3B45EBA0F74893FB31C7A /* Pods-MessageApp.debug.xcconfig */;
			buildSettings = {
				ASSETCATALOG_COMPILER_APPICON_NAME = AppIcon;
				ASSETCATALOG_COMPILER_GLOBAL_ACCENT_COLOR_NAME = AccentColor;
				CODE_SIGN_STYLE = Automatic;
				DEVELOPMENT_TEAM = 9RC6G9L332;
				INFOPLIST_FILE = MessageApp/Info.plist;
				LD_RUNPATH_SEARCH_PATHS = (
					"$(inherited)",
					"@executable_path/Frameworks",
				);
				PRODUCT_BUNDLE_IDENTIFIER = apostol.alex.MessageApp;
				PRODUCT_NAME = "$(TARGET_NAME)";
				SWIFT_VERSION = 5.0;
				TARGETED_DEVICE_FAMILY = "1,2";
			};
			name = Debug;
		};
		078420D1265F78E800986354 /* Release */ = {
			isa = XCBuildConfiguration;
			baseConfigurationReference = 2EBCDADFF82CB6B6195BA94D /* Pods-MessageApp.release.xcconfig */;
			buildSettings = {
				ASSETCATALOG_COMPILER_APPICON_NAME = AppIcon;
				ASSETCATALOG_COMPILER_GLOBAL_ACCENT_COLOR_NAME = AccentColor;
				CODE_SIGN_STYLE = Automatic;
				DEVELOPMENT_TEAM = 9RC6G9L332;
				INFOPLIST_FILE = MessageApp/Info.plist;
				LD_RUNPATH_SEARCH_PATHS = (
					"$(inherited)",
					"@executable_path/Frameworks",
				);
				PRODUCT_BUNDLE_IDENTIFIER = apostol.alex.MessageApp;
				PRODUCT_NAME = "$(TARGET_NAME)";
				SWIFT_VERSION = 5.0;
				TARGETED_DEVICE_FAMILY = "1,2";
			};
			name = Release;
		};
/* End XCBuildConfiguration section */

/* Begin XCConfigurationList section */
		078420B6265F78E700986354 /* Build configuration list for PBXProject "MessageApp" */ = {
			isa = XCConfigurationList;
			buildConfigurations = (
				078420CD265F78E800986354 /* Debug */,
				078420CE265F78E800986354 /* Release */,
			);
			defaultConfigurationIsVisible = 0;
			defaultConfigurationName = Release;
		};
		078420CF265F78E800986354 /* Build configuration list for PBXNativeTarget "MessageApp" */ = {
			isa = XCConfigurationList;
			buildConfigurations = (
				078420D0265F78E800986354 /* Debug */,
				078420D1265F78E800986354 /* Release */,
			);
			defaultConfigurationIsVisible = 0;
			defaultConfigurationName = Release;
		};
/* End XCConfigurationList section */
	};
	rootObject = 078420B3265F78E700986354 /* Project object */;
}
